
Microsoft Visual Studio Solution File, Format Version 10.00
# Visual Studio 2008
Project("{FAE04EC0-301F-11D3-BF4B-00C04F79EFBC}") = "Dogbert", "Dogbert\Dogbert.csproj", "{4229056C-F883-46AB-A130-D10B4EA01E6F}"
EndProject
Project("{FAE04EC0-301F-11D3-BF4B-00C04F79EFBC}") = "Dogbert.Tests", "Dogbert.Tests\Dogbert.Tests.csproj", "{B3A49428-F194-41AD-86A6-9A818539CF65}"
EndProject
Project("{2150E333-8FDC-42A3-9474-1A3956D46DE8}") = "Bin", "Bin", "{78CFAECA-8915-4AB9-B593-2B58EB49FF20}"
	ProjectSection(SolutionItems) = preProject
		Bin\Castle.Core.dll = Bin\Castle.Core.dll
		Bin\Castle.DynamicProxy2.dll = Bin\Castle.DynamicProxy2.dll
		Bin\Castle.MicroKernel.dll = Bin\Castle.MicroKernel.dll
		Bin\Castle.Windsor.dll = Bin\Castle.Windsor.dll
		Bin\Common.Logging.dll = Bin\Common.Logging.dll
		Bin\Elmah.dll = Bin\Elmah.dll
		Bin\HibernatingRhinos.NHibernate.Profiler.Appender.dll = Bin\HibernatingRhinos.NHibernate.Profiler.Appender.dll
		Bin\Iesi.Collections.dll = Bin\Iesi.Collections.dll
		Bin\log4net.dll = Bin\log4net.dll
		Bin\Microsoft.Practices.ServiceLocation.dll = Bin\Microsoft.Practices.ServiceLocation.dll
		Bin\Microsoft.Web.Mvc.dll = Bin\Microsoft.Web.Mvc.dll
		Bin\MvcContrib.Castle.dll = Bin\MvcContrib.Castle.dll
		Bin\MvcContrib.dll = Bin\MvcContrib.dll
		Bin\MvcContrib.FluentHtml.dll = Bin\MvcContrib.FluentHtml.dll
		Bin\MvcContrib.TestHelper.dll = Bin\MvcContrib.TestHelper.dll
		Bin\Newtonsoft.Json.dll = Bin\Newtonsoft.Json.dll
		Bin\NHibernate.ByteCode.Spring.dll = Bin\NHibernate.ByteCode.Spring.dll
		Bin\NHibernate.dll = Bin\NHibernate.dll
		Bin\NHibernate.Linq.dll = Bin\NHibernate.Linq.dll
		Bin\NHibernate.Validator.dll = Bin\NHibernate.Validator.dll
		Bin\Rhino.Mocks.dll = Bin\Rhino.Mocks.dll
		Bin\Spring.Aop.dll = Bin\Spring.Aop.dll
		Bin\Spring.Core.dll = Bin\Spring.Core.dll
		Bin\System.Data.SQLite.DLL = Bin\System.Data.SQLite.DLL
		Bin\Telerik.Web.Mvc.dll = Bin\Telerik.Web.Mvc.dll
		Bin\UCDArch.Core.dll = Bin\UCDArch.Core.dll
		Bin\UCDArch.Core.NHibernateValidator.dll = Bin\UCDArch.Core.NHibernateValidator.dll
		Bin\UCDArch.Data.dll = Bin\UCDArch.Data.dll
		Bin\UCDArch.Testing.dll = Bin\UCDArch.Testing.dll
		Bin\UCDArch.Web.dll = Bin\UCDArch.Web.dll
		Bin\UCDArch.Web.Providers.dll = Bin\UCDArch.Web.Providers.dll
		Bin\xVal.dll = Bin\xVal.dll
	EndProjectSection
EndProject
Project("{FAE04EC0-301F-11D3-BF4B-00C04F79EFBC}") = "Dogbert.Core", "Dogbert.Core\Dogbert.Core.csproj", "{CBD54153-AC7A-4DB3-BA60-4A528AA41050}"
EndProject
Project("{2CFEAB61-6A3B-4EB8-B523-560B4BEEF521}") = "Dogbert.Deploy", "Dogbert.Deploy\Dogbert.Deploy.wdproj", "{D2E0D0F3-BFF4-4660-B5F8-83DE9B740521}"
EndProject
Project("{4F174C21-8C12-11D0-8340-0000F80270F8}") = "Dogbert.DB", "Dogbert.DB\Dogbert.DB.dbp", "{CE250596-CCAD-4377-BF42-0BED229AACF2}"
EndProject
Project("{F14B399A-7131-4C87-9E4B-1186C45EF12D}") = "Dogbert.Report", "Dogbert.Report\Dogbert.Report.rptproj", "{4F73DBC8-8774-4CA1-B641-9A94A06A1F98}"
EndProject
Global
	GlobalSection(TeamFoundationVersionControl) = preSolution
		SccNumberOfProjects = 7
		SccEnterpriseProvider = {4CA58AB2-18FA-4F8D-95D4-32DDF27D184C}
		SccTeamFoundationServer = http://1x:8080/
		SccLocalPath0 = .
		SccProjectUniqueName1 = Dogbert.Tests\\Dogbert.Tests.csproj
		SccProjectName1 = Dogbert.Tests
		SccLocalPath1 = Dogbert.Tests
		SccProjectUniqueName2 = Dogbert\\Dogbert.csproj
		SccProjectName2 = Dogbert
		SccLocalPath2 = Dogbert
		SccProjectUniqueName3 = Dogbert.Core\\Dogbert.Core.csproj
		SccProjectName3 = Dogbert.Core
		SccLocalPath3 = Dogbert.Core
		SccProjectUniqueName4 = Dogbert.Deploy\\Dogbert.Deploy.wdproj
		SccProjectName4 = Dogbert.Deploy
		SccLocalPath4 = Dogbert.Deploy
		SccProjectUniqueName5 = Dogbert.DB\\Dogbert.DB.dbp
		SccProjectName5 = Dogbert.DB
		SccLocalPath5 = Dogbert.DB
		SccProjectUniqueName6 = Dogbert.Report\\Dogbert.Report.rptproj
		SccProjectName6 = Dogbert.Report
		SccLocalPath6 = Dogbert.Report
	EndGlobalSection
	GlobalSection(SolutionConfigurationPlatforms) = preSolution
		Debug|Any CPU = Debug|Any CPU
		DebugLocal|Any CPU = DebugLocal|Any CPU
		Release|Any CPU = Release|Any CPU
	EndGlobalSection
	GlobalSection(ProjectConfigurationPlatforms) = postSolution
		{4229056C-F883-46AB-A130-D10B4EA01E6F}.Debug|Any CPU.ActiveCfg = Debug|Any CPU
		{4229056C-F883-46AB-A130-D10B4EA01E6F}.Debug|Any CPU.Build.0 = Debug|Any CPU
		{4229056C-F883-46AB-A130-D10B4EA01E6F}.DebugLocal|Any CPU.ActiveCfg = Debug|Any CPU
		{4229056C-F883-46AB-A130-D10B4EA01E6F}.DebugLocal|Any CPU.Build.0 = Debug|Any CPU
		{4229056C-F883-46AB-A130-D10B4EA01E6F}.Release|Any CPU.ActiveCfg = Release|Any CPU
		{4229056C-F883-46AB-A130-D10B4EA01E6F}.Release|Any CPU.Build.0 = Release|Any CPU
		{B3A49428-F194-41AD-86A6-9A818539CF65}.Debug|Any CPU.ActiveCfg = Debug|Any CPU
		{B3A49428-F194-41AD-86A6-9A818539CF65}.Debug|Any CPU.Build.0 = Debug|Any CPU
		{B3A49428-F194-41AD-86A6-9A818539CF65}.DebugLocal|Any CPU.ActiveCfg = Debug|Any CPU
		{B3A49428-F194-41AD-86A6-9A818539CF65}.DebugLocal|Any CPU.Build.0 = Debug|Any CPU
		{B3A49428-F194-41AD-86A6-9A818539CF65}.Release|Any CPU.ActiveCfg = Release|Any CPU
		{B3A49428-F194-41AD-86A6-9A818539CF65}.Release|Any CPU.Build.0 = Release|Any CPU
		{CBD54153-AC7A-4DB3-BA60-4A528AA41050}.Debug|Any CPU.ActiveCfg = Debug|Any CPU
		{CBD54153-AC7A-4DB3-BA60-4A528AA41050}.Debug|Any CPU.Build.0 = Debug|Any CPU
		{CBD54153-AC7A-4DB3-BA60-4A528AA41050}.DebugLocal|Any CPU.ActiveCfg = Debug|Any CPU
		{CBD54153-AC7A-4DB3-BA60-4A528AA41050}.DebugLocal|Any CPU.Build.0 = Debug|Any CPU
		{CBD54153-AC7A-4DB3-BA60-4A528AA41050}.Release|Any CPU.ActiveCfg = Release|Any CPU
		{CBD54153-AC7A-4DB3-BA60-4A528AA41050}.Release|Any CPU.Build.0 = Release|Any CPU
		{D2E0D0F3-BFF4-4660-B5F8-83DE9B740521}.Debug|Any CPU.ActiveCfg = Debug|Any CPU
		{D2E0D0F3-BFF4-4660-B5F8-83DE9B740521}.Debug|Any CPU.Build.0 = Debug|Any CPU
		{D2E0D0F3-BFF4-4660-B5F8-83DE9B740521}.DebugLocal|Any CPU.ActiveCfg = Debug|Any CPU
		{D2E0D0F3-BFF4-4660-B5F8-83DE9B740521}.DebugLocal|Any CPU.Build.0 = Debug|Any CPU
		{D2E0D0F3-BFF4-4660-B5F8-83DE9B740521}.Release|Any CPU.ActiveCfg = Release|Any CPU
		{D2E0D0F3-BFF4-4660-B5F8-83DE9B740521}.Release|Any CPU.Build.0 = Release|Any CPU
		{4F73DBC8-8774-4CA1-B641-9A94A06A1F98}.Debug|Any CPU.ActiveCfg = DebugLocal
		{4F73DBC8-8774-4CA1-B641-9A94A06A1F98}.Debug|Any CPU.Build.0 = DebugLocal
		{4F73DBC8-8774-4CA1-B641-9A94A06A1F98}.DebugLocal|Any CPU.ActiveCfg = DebugLocal
		{4F73DBC8-8774-4CA1-B641-9A94A06A1F98}.DebugLocal|Any CPU.Build.0 = DebugLocal
		{4F73DBC8-8774-4CA1-B641-9A94A06A1F98}.Release|Any CPU.ActiveCfg = Release
		{4F73DBC8-8774-4CA1-B641-9A94A06A1F98}.Release|Any CPU.Build.0 = Release
		{4F73DBC8-8774-4CA1-B641-9A94A06A1F98}.Release|Any CPU.Deploy.0 = Release
	EndGlobalSection
	GlobalSection(SolutionProperties) = preSolution
		HideSolutionNode = FALSE
	EndGlobalSection
EndGlobal
